Microsoft Visual Studio Solution File, Format Version 12.00
# Visual Studio 2013
Project("{8BC9CEB8-8B4A-11D0-8D11-00A0C91BC942}") = "ALL_BUILD", "ALL_BUILD.vcxproj", "{C95859D8-BE79-42B5-8D40-2FC0C18FA7F5}"
	ProjectSection(ProjectDependencies) = postProject
		{B4E2D55D-A199-4AD0-A9C5-A3835FF2BCFF} = {B4E2D55D-A199-4AD0-A9C5-A3835FF2BCFF}
		{FDB7594A-9DEA-460D-9BE1-E152F5A9F027} = {FDB7594A-9DEA-460D-9BE1-E152F5A9F027}
		{7111BD24-E17F-4002-8A98-E890F228111F} = {7111BD24-E17F-4002-8A98-E890F228111F}
		{690AB791-E9DE-43E3-99B0-BB5BEA704336} = {690AB791-E9DE-43E3-99B0-BB5BEA704336}
		{B8EA5A00-8D26-4147-87F7-FAF3D378EE38} = {B8EA5A00-8D26-4147-87F7-FAF3D378EE38}
		{D907B419-D581-433F-8429-8EAF9440F631} = {D907B419-D581-433F-8429-8EAF9440F631}
		{77A34CCE-D9B8-411F-8DCC-ADFA9EB7418D} = {77A34CCE-D9B8-411F-8DCC-ADFA9EB7418D}
		{F6E888EF-86D1-4A5E-85C1-8CE547CC38FC} = {F6E888EF-86D1-4A5E-85C1-8CE547CC38FC}
		{A64793A3-BD6F-4E1C-B8F9-C4DA1C39CA1B} = {A64793A3-BD6F-4E1C-B8F9-C4DA1C39CA1B}
		{05E5746B-70D6-42F4-BBD0-A966CDBB27EB} = {05E5746B-70D6-42F4-BBD0-A966CDBB27EB}
		{582206B0-FA90-4A83-978D-B744D8BE6169} = {582206B0-FA90-4A83-978D-B744D8BE6169}
		{068CD52C-7B60-43CB-BF59-0EE473581344} = {068CD52C-7B60-43CB-BF59-0EE473581344}
		{33700DE0-E531-4331-AEAF-DBD2869FCDAC} = {33700DE0-E531-4331-AEAF-DBD2869FCDAC}
		{E874C534-59C8-46B8-98C1-E2C475FB1F68} = {E874C534-59C8-46B8-98C1-E2C475FB1F68}
		{43C1D2C1-F832-4827-9A2A-6F986C6F8C58} = {43C1D2C1-F832-4827-9A2A-6F986C6F8C58}
		{5B70E799-1873-4000-ABCE-BB9914CC8B5E} = {5B70E799-1873-4000-ABCE-BB9914CC8B5E}
		{32173C97-CE26-4F96-B7F2-C5F67661F630} = {32173C97-CE26-4F96-B7F2-C5F67661F630}
		{80BE2971-E79D-491C-B101-79A4A12916C1} = {80BE2971-E79D-491C-B101-79A4A12916C1}
		{53540487-F1F0-4658-84F0-6EDA7251584E} = {53540487-F1F0-4658-84F0-6EDA7251584E}
		{8CAA5D2C-A71C-46CE-BC28-E703F089042B} = {8CAA5D2C-A71C-46CE-BC28-E703F089042B}
		{11D2DB5D-E814-4A7F-80C1-1691CBEE854A} = {11D2DB5D-E814-4A7F-80C1-1691CBEE854A}
		{DCA31A1B-0D9C-4279-AC9C-0A75231EB61A} = {DCA31A1B-0D9C-4279-AC9C-0A75231EB61A}
		{74DCAFF4-AEF8-464D-97DD-49C3B1E1F16B} = {74DCAFF4-AEF8-464D-97DD-49C3B1E1F16B}
		{C53809C0-2ED9-422E-9FA3-438D626AAB97} = {C53809C0-2ED9-422E-9FA3-438D626AAB97}
		{D4EAB427-FE4A-40FA-97D6-F8E3F39D45F6} = {D4EAB427-FE4A-40FA-97D6-F8E3F39D45F6}
		{E440A078-10ED-4A59-AB38-700410609FBC} = {E440A078-10ED-4A59-AB38-700410609FBC}
		{989CE44D-D75B-404F-B8A4-8017A13BE86D} = {989CE44D-D75B-404F-B8A4-8017A13BE86D}
		{8F522281-162C-415C-8A45-BCC7410D508E} = {8F522281-162C-415C-8A45-BCC7410D508E}
	EndProjectSection
EndProject
Project("{8BC9CEB8-8B4A-11D0-8D11-00A0C91BC942}") = "App_BasicExample", "examples\BasicDemo\App_BasicExample.vcxproj", "{B4E2D55D-A199-4AD0-A9C5-A3835FF2BCFF}"
	ProjectSection(ProjectDependencies) = postProject
		{05E5746B-70D6-42F4-BBD0-A966CDBB27EB} = {05E5746B-70D6-42F4-BBD0-A966CDBB27EB}
		{582206B0-FA90-4A83-978D-B744D8BE6169} = {582206B0-FA90-4A83-978D-B744D8BE6169}
		{11D2DB5D-E814-4A7F-80C1-1691CBEE854A} = {11D2DB5D-E814-4A7F-80C1-1691CBEE854A}
		{E440A078-10ED-4A59-AB38-700410609FBC} = {E440A078-10ED-4A59-AB38-700410609FBC}
	EndProjectSection
EndProject
Project("{8BC9CEB8-8B4A-11D0-8D11-00A0C91BC942}") = "App_ExampleBrowser", "examples\ExampleBrowser\App_ExampleBrowser.vcxproj", "{FDB7594A-9DEA-460D-9BE1-E152F5A9F027}"
	ProjectSection(ProjectDependencies) = postProject
		{D907B419-D581-433F-8429-8EAF9440F631} = {D907B419-D581-433F-8429-8EAF9440F631}
		{05E5746B-70D6-42F4-BBD0-A966CDBB27EB} = {05E5746B-70D6-42F4-BBD0-A966CDBB27EB}
		{582206B0-FA90-4A83-978D-B744D8BE6169} = {582206B0-FA90-4A83-978D-B744D8BE6169}
		{33700DE0-E531-4331-AEAF-DBD2869FCDAC} = {33700DE0-E531-4331-AEAF-DBD2869FCDAC}
		{E874C534-59C8-46B8-98C1-E2C475FB1F68} = {E874C534-59C8-46B8-98C1-E2C475FB1F68}
		{43C1D2C1-F832-4827-9A2A-6F986C6F8C58} = {43C1D2C1-F832-4827-9A2A-6F986C6F8C58}
		{11D2DB5D-E814-4A7F-80C1-1691CBEE854A} = {11D2DB5D-E814-4A7F-80C1-1691CBEE854A}
		{DCA31A1B-0D9C-4279-AC9C-0A75231EB61A} = {DCA31A1B-0D9C-4279-AC9C-0A75231EB61A}
		{E440A078-10ED-4A59-AB38-700410609FBC} = {E440A078-10ED-4A59-AB38-700410609FBC}
		{8F522281-162C-415C-8A45-BCC7410D508E} = {8F522281-162C-415C-8A45-BCC7410D508E}
	EndProjectSection
EndProject
Project("{8BC9CEB8-8B4A-11D0-8D11-00A0C91BC942}") = "App_HelloWorld", "examples\HelloWorld\App_HelloWorld.vcxproj", "{7111BD24-E17F-4002-8A98-E890F228111F}"
	ProjectSection(ProjectDependencies) = postProject
		{05E5746B-70D6-42F4-BBD0-A966CDBB27EB} = {05E5746B-70D6-42F4-BBD0-A966CDBB27EB}
		{582206B0-FA90-4A83-978D-B744D8BE6169} = {582206B0-FA90-4A83-978D-B744D8BE6169}
		{11D2DB5D-E814-4A7F-80C1-1691CBEE854A} = {11D2DB5D-E814-4A7F-80C1-1691CBEE854A}
		{E440A078-10ED-4A59-AB38-700410609FBC} = {E440A078-10ED-4A59-AB38-700410609FBC}
	EndProjectSection
EndProject
Project("{8BC9CEB8-8B4A-11D0-8D11-00A0C91BC942}") = "Bullet2FileLoader", "src\Bullet3Serialize\Bullet2FileLoader\Bullet2FileLoader.vcxproj", "{690AB791-E9DE-43E3-99B0-BB5BEA704336}"
	ProjectSection(ProjectDependencies) = postProject
		{E440A078-10ED-4A59-AB38-700410609FBC} = {E440A078-10ED-4A59-AB38-700410609FBC}
	EndProjectSection
EndProject
Project("{8BC9CEB8-8B4A-11D0-8D11-00A0C91BC942}") = "Bullet3Collision", "src\Bullet3Collision\Bullet3Collision.vcxproj", "{B8EA5A00-8D26-4147-87F7-FAF3D378EE38}"
	ProjectSection(ProjectDependencies) = postProject
		{E440A078-10ED-4A59-AB38-700410609FBC} = {E440A078-10ED-4A59-AB38-700410609FBC}
	EndProjectSection
EndProject
Project("{8BC9CEB8-8B4A-11D0-8D11-00A0C91BC942}") = "Bullet3Common", "src\Bullet3Common\Bullet3Common.vcxproj", "{D907B419-D581-433F-8429-8EAF9440F631}"
	ProjectSection(ProjectDependencies) = postProject
		{E440A078-10ED-4A59-AB38-700410609FBC} = {E440A078-10ED-4A59-AB38-700410609FBC}
	EndProjectSection
EndProject
Project("{8BC9CEB8-8B4A-11D0-8D11-00A0C91BC942}") = "Bullet3Dynamics", "src\Bullet3Dynamics\Bullet3Dynamics.vcxproj", "{77A34CCE-D9B8-411F-8DCC-ADFA9EB7418D}"
	ProjectSection(ProjectDependencies) = postProject
		{E440A078-10ED-4A59-AB38-700410609FBC} = {E440A078-10ED-4A59-AB38-700410609FBC}
	EndProjectSection
EndProject
Project("{8BC9CEB8-8B4A-11D0-8D11-00A0C91BC942}") = "Bullet3Geometry", "src\Bullet3Geometry\Bullet3Geometry.vcxproj", "{F6E888EF-86D1-4A5E-85C1-8CE547CC38FC}"
	ProjectSection(ProjectDependencies) = postProject
		{E440A078-10ED-4A59-AB38-700410609FBC} = {E440A078-10ED-4A59-AB38-700410609FBC}
	EndProjectSection
EndProject
Project("{8BC9CEB8-8B4A-11D0-8D11-00A0C91BC942}") = "Bullet3OpenCL_clew", "src\Bullet3OpenCL\Bullet3OpenCL_clew.vcxproj", "{A64793A3-BD6F-4E1C-B8F9-C4DA1C39CA1B}"
	ProjectSection(ProjectDependencies) = postProject
		{E440A078-10ED-4A59-AB38-700410609FBC} = {E440A078-10ED-4A59-AB38-700410609FBC}
	EndProjectSection
EndProject
Project("{8BC9CEB8-8B4A-11D0-8D11-00A0C91BC942}") = "BulletCollision", "src\BulletCollision\BulletCollision.vcxproj", "{05E5746B-70D6-42F4-BBD0-A966CDBB27EB}"
	ProjectSection(ProjectDependencies) = postProject
		{E440A078-10ED-4A59-AB38-700410609FBC} = {E440A078-10ED-4A59-AB38-700410609FBC}
	EndProjectSection
EndProject
Project("{8BC9CEB8-8B4A-11D0-8D11-00A0C91BC942}") = "BulletDynamics", "src\BulletDynamics\BulletDynamics.vcxproj", "{582206B0-FA90-4A83-978D-B744D8BE6169}"
	ProjectSection(ProjectDependencies) = postProject
		{E440A078-10ED-4A59-AB38-700410609FBC} = {E440A078-10ED-4A59-AB38-700410609FBC}
	EndProjectSection
EndProject
Project("{8BC9CEB8-8B4A-11D0-8D11-00A0C91BC942}") = "BulletFileLoader", "Extras\Serialize\BulletFileLoader\BulletFileLoader.vcxproj", "{068CD52C-7B60-43CB-BF59-0EE473581344}"
	ProjectSection(ProjectDependencies) = postProject
		{E440A078-10ED-4A59-AB38-700410609FBC} = {E440A078-10ED-4A59-AB38-700410609FBC}
	EndProjectSection
EndProject
Project("{8BC9CEB8-8B4A-11D0-8D11-00A0C91BC942}") = "BulletInverseDynamics", "src\BulletInverseDynamics\BulletInverseDynamics.vcxproj", "{33700DE0-E531-4331-AEAF-DBD2869FCDAC}"
	ProjectSection(ProjectDependencies) = postProject
		{E440A078-10ED-4A59-AB38-700410609FBC} = {E440A078-10ED-4A59-AB38-700410609FBC}
	EndProjectSection
EndProject
Project("{8BC9CEB8-8B4A-11D0-8D11-00A0C91BC942}") = "BulletInverseDynamicsUtils", "Extras\InverseDynamics\BulletInverseDynamicsUtils.vcxproj", "{E874C534-59C8-46B8-98C1-E2C475FB1F68}"
	ProjectSection(ProjectDependencies) = postProject
		{E440A078-10ED-4A59-AB38-700410609FBC} = {E440A078-10ED-4A59-AB38-700410609FBC}
	EndProjectSection
EndProject
Project("{8BC9CEB8-8B4A-11D0-8D11-00A0C91BC942}") = "BulletSoftBody", "src\BulletSoftBody\BulletSoftBody.vcxproj", "{43C1D2C1-F832-4827-9A2A-6F986C6F8C58}"
	ProjectSection(ProjectDependencies) = postProject
		{E440A078-10ED-4A59-AB38-700410609FBC} = {E440A078-10ED-4A59-AB38-700410609FBC}
	EndProjectSection
EndProject
Project("{8BC9CEB8-8B4A-11D0-8D11-00A0C91BC942}") = "BulletWorldImporter", "Extras\Serialize\BulletWorldImporter\BulletWorldImporter.vcxproj", "{5B70E799-1873-4000-ABCE-BB9914CC8B5E}"
	ProjectSection(ProjectDependencies) = postProject
		{E440A078-10ED-4A59-AB38-700410609FBC} = {E440A078-10ED-4A59-AB38-700410609FBC}
	EndProjectSection
EndProject
Project("{8BC9CEB8-8B4A-11D0-8D11-00A0C91BC942}") = "BulletXmlWorldImporter", "Extras\Serialize\BulletXmlWorldImporter\BulletXmlWorldImporter.vcxproj", "{32173C97-CE26-4F96-B7F2-C5F67661F630}"
	ProjectSection(ProjectDependencies) = postProject
		{E440A078-10ED-4A59-AB38-700410609FBC} = {E440A078-10ED-4A59-AB38-700410609FBC}
	EndProjectSection
EndProject
Project("{8BC9CEB8-8B4A-11D0-8D11-00A0C91BC942}") = "ConvexDecomposition", "Extras\ConvexDecomposition\ConvexDecomposition.vcxproj", "{80BE2971-E79D-491C-B101-79A4A12916C1}"
	ProjectSection(ProjectDependencies) = postProject
		{E440A078-10ED-4A59-AB38-700410609FBC} = {E440A078-10ED-4A59-AB38-700410609FBC}
	EndProjectSection
EndProject
Project("{8BC9CEB8-8B4A-11D0-8D11-00A0C91BC942}") = "GIMPACTUtils", "Extras\GIMPACTUtils\GIMPACTUtils.vcxproj", "{53540487-F1F0-4658-84F0-6EDA7251584E}"
	ProjectSection(ProjectDependencies) = postProject
		{E440A078-10ED-4A59-AB38-700410609FBC} = {E440A078-10ED-4A59-AB38-700410609FBC}
	EndProjectSection
EndProject
Project("{8BC9CEB8-8B4A-11D0-8D11-00A0C91BC942}") = "HACD", "Extras\HACD\HACD.vcxproj", "{8CAA5D2C-A71C-46CE-BC28-E703F089042B}"
	ProjectSection(ProjectDependencies) = postProject
		{E440A078-10ED-4A59-AB38-700410609FBC} = {E440A078-10ED-4A59-AB38-700410609FBC}
	EndProjectSection
EndProject
Project("{8BC9CEB8-8B4A-11D0-8D11-00A0C91BC942}") = "INSTALL", "INSTALL.vcxproj", "{D73E2620-35CE-4FF0-9B1C-1D909DAF32B1}"
	ProjectSection(ProjectDependencies) = postProject
		{C95859D8-BE79-42B5-8D40-2FC0C18FA7F5} = {C95859D8-BE79-42B5-8D40-2FC0C18FA7F5}
	EndProjectSection
EndProject
Project("{8BC9CEB8-8B4A-11D0-8D11-00A0C91BC942}") = "LinearMath", "src\LinearMath\LinearMath.vcxproj", "{11D2DB5D-E814-4A7F-80C1-1691CBEE854A}"
	ProjectSection(ProjectDependencies) = postProject
		{E440A078-10ED-4A59-AB38-700410609FBC} = {E440A078-10ED-4A59-AB38-700410609FBC}
	EndProjectSection
EndProject
Project("{8BC9CEB8-8B4A-11D0-8D11-00A0C91BC942}") = "OpenGLWindow", "examples\OpenGLWindow\OpenGLWindow.vcxproj", "{DCA31A1B-0D9C-4279-AC9C-0A75231EB61A}"
	ProjectSection(ProjectDependencies) = postProject
		{E440A078-10ED-4A59-AB38-700410609FBC} = {E440A078-10ED-4A59-AB38-700410609FBC}
	EndProjectSection
EndProject
Project("{8BC9CEB8-8B4A-11D0-8D11-00A0C91BC942}") = "RUN_TESTS", "RUN_TESTS.vcxproj", "{0B34DEE7-7424-4535-B59F-157E5C12D013}"
	ProjectSection(ProjectDependencies) = postProject
	EndProjectSection
EndProject
Project("{8BC9CEB8-8B4A-11D0-8D11-00A0C91BC942}") = "Test_BulletDynamics", "test\BulletDynamics\pendulum\Test_BulletDynamics.vcxproj", "{74DCAFF4-AEF8-464D-97DD-49C3B1E1F16B}"
	ProjectSection(ProjectDependencies) = postProject
		{05E5746B-70D6-42F4-BBD0-A966CDBB27EB} = {05E5746B-70D6-42F4-BBD0-A966CDBB27EB}
		{582206B0-FA90-4A83-978D-B744D8BE6169} = {582206B0-FA90-4A83-978D-B744D8BE6169}
		{11D2DB5D-E814-4A7F-80C1-1691CBEE854A} = {11D2DB5D-E814-4A7F-80C1-1691CBEE854A}
		{E440A078-10ED-4A59-AB38-700410609FBC} = {E440A078-10ED-4A59-AB38-700410609FBC}
		{989CE44D-D75B-404F-B8A4-8017A13BE86D} = {989CE44D-D75B-404F-B8A4-8017A13BE86D}
	EndProjectSection
EndProject
Project("{8BC9CEB8-8B4A-11D0-8D11-00A0C91BC942}") = "Test_BulletInverseDynamics", "test\InverseDynamics\Test_BulletInverseDynamics.vcxproj", "{C53809C0-2ED9-422E-9FA3-438D626AAB97}"
	ProjectSection(ProjectDependencies) = postProject
		{D907B419-D581-433F-8429-8EAF9440F631} = {D907B419-D581-433F-8429-8EAF9440F631}
		{33700DE0-E531-4331-AEAF-DBD2869FCDAC} = {33700DE0-E531-4331-AEAF-DBD2869FCDAC}
		{E874C534-59C8-46B8-98C1-E2C475FB1F68} = {E874C534-59C8-46B8-98C1-E2C475FB1F68}
		{11D2DB5D-E814-4A7F-80C1-1691CBEE854A} = {11D2DB5D-E814-4A7F-80C1-1691CBEE854A}
		{E440A078-10ED-4A59-AB38-700410609FBC} = {E440A078-10ED-4A59-AB38-700410609FBC}
		{989CE44D-D75B-404F-B8A4-8017A13BE86D} = {989CE44D-D75B-404F-B8A4-8017A13BE86D}
	EndProjectSection
EndProject
Project("{8BC9CEB8-8B4A-11D0-8D11-00A0C91BC942}") = "Test_Collision", "test\collision\Test_Collision.vcxproj", "{D4EAB427-FE4A-40FA-97D6-F8E3F39D45F6}"
	ProjectSection(ProjectDependencies) = postProject
		{11D2DB5D-E814-4A7F-80C1-1691CBEE854A} = {11D2DB5D-E814-4A7F-80C1-1691CBEE854A}
		{E440A078-10ED-4A59-AB38-700410609FBC} = {E440A078-10ED-4A59-AB38-700410609FBC}
		{989CE44D-D75B-404F-B8A4-8017A13BE86D} = {989CE44D-D75B-404F-B8A4-8017A13BE86D}
	EndProjectSection
EndProject
Project("{8BC9CEB8-8B4A-11D0-8D11-00A0C91BC942}") = "ZERO_CHECK", "ZERO_CHECK.vcxproj", "{E440A078-10ED-4A59-AB38-700410609FBC}"
	ProjectSection(ProjectDependencies) = postProject
	EndProjectSection
EndProject
Project("{8BC9CEB8-8B4A-11D0-8D11-00A0C91BC942}") = "gtest", "test\gtest-1.7.0\gtest.vcxproj", "{989CE44D-D75B-404F-B8A4-8017A13BE86D}"
	ProjectSection(ProjectDependencies) = postProject
		{E440A078-10ED-4A59-AB38-700410609FBC} = {E440A078-10ED-4A59-AB38-700410609FBC}
	EndProjectSection
EndProject
Project("{8BC9CEB8-8B4A-11D0-8D11-00A0C91BC942}") = "gwen", "examples\ThirdPartyLibs\Gwen\gwen.vcxproj", "{8F522281-162C-415C-8A45-BCC7410D508E}"
	ProjectSection(ProjectDependencies) = postProject
		{E440A078-10ED-4A59-AB38-700410609FBC} = {E440A078-10ED-4A59-AB38-700410609FBC}
	EndProjectSection
EndProject
Global
	GlobalSection(SolutionConfigurationPlatforms) = preSolution
		Debug|Win32 = Debug|Win32
		Release|Win32 = Release|Win32
		MinSizeRel|Win32 = MinSizeRel|Win32
		RelWithDebInfo|Win32 = RelWithDebInfo|Win32
	EndGlobalSection
	GlobalSection(ProjectConfigurationPlatforms) = postSolution
		{C95859D8-BE79-42B5-8D40-2FC0C18FA7F5}.Debug|Win32.ActiveCfg = Debug|Win32
		{C95859D8-BE79-42B5-8D40-2FC0C18FA7F5}.Debug|Win32.Build.0 = Debug|Win32
		{C95859D8-BE79-42B5-8D40-2FC0C18FA7F5}.Release|Win32.ActiveCfg = Release|Win32
		{C95859D8-BE79-42B5-8D40-2FC0C18FA7F5}.Release|Win32.Build.0 = Release|Win32
		{C95859D8-BE79-42B5-8D40-2FC0C18FA7F5}.MinSizeRel|Win32.ActiveCfg = MinSizeRel|Win32
		{C95859D8-BE79-42B5-8D40-2FC0C18FA7F5}.MinSizeRel|Win32.Build.0 = MinSizeRel|Win32
		{C95859D8-BE79-42B5-8D40-2FC0C18FA7F5}.RelWithDebInfo|Win32.ActiveCfg = RelWithDebInfo|Win32
		{C95859D8-BE79-42B5-8D40-2FC0C18FA7F5}.RelWithDebInfo|Win32.Build.0 = RelWithDebInfo|Win32
		{B4E2D55D-A199-4AD0-A9C5-A3835FF2BCFF}.Debug|Win32.ActiveCfg = Debug|Win32
		{B4E2D55D-A199-4AD0-A9C5-A3835FF2BCFF}.Debug|Win32.Build.0 = Debug|Win32
		{B4E2D55D-A199-4AD0-A9C5-A3835FF2BCFF}.Release|Win32.ActiveCfg = Release|Win32
		{B4E2D55D-A199-4AD0-A9C5-A3835FF2BCFF}.Release|Win32.Build.0 = Release|Win32
		{B4E2D55D-A199-4AD0-A9C5-A3835FF2BCFF}.MinSizeRel|Win32.ActiveCfg = MinSizeRel|Win32
		{B4E2D55D-A199-4AD0-A9C5-A3835FF2BCFF}.MinSizeRel|Win32.Build.0 = MinSizeRel|Win32
		{B4E2D55D-A199-4AD0-A9C5-A3835FF2BCFF}.RelWithDebInfo|Win32.ActiveCfg = RelWithDebInfo|Win32
		{B4E2D55D-A199-4AD0-A9C5-A3835FF2BCFF}.RelWithDebInfo|Win32.Build.0 = RelWithDebInfo|Win32
		{FDB7594A-9DEA-460D-9BE1-E152F5A9F027}.Debug|Win32.ActiveCfg = Debug|Win32
		{FDB7594A-9DEA-460D-9BE1-E152F5A9F027}.Debug|Win32.Build.0 = Debug|Win32
		{FDB7594A-9DEA-460D-9BE1-E152F5A9F027}.Release|Win32.ActiveCfg = Release|Win32
		{FDB7594A-9DEA-460D-9BE1-E152F5A9F027}.Release|Win32.Build.0 = Release|Win32
		{FDB7594A-9DEA-460D-9BE1-E152F5A9F027}.MinSizeRel|Win32.ActiveCfg = MinSizeRel|Win32
		{FDB7594A-9DEA-460D-9BE1-E152F5A9F027}.MinSizeRel|Win32.Build.0 = MinSizeRel|Win32
		{FDB7594A-9DEA-460D-9BE1-E152F5A9F027}.RelWithDebInfo|Win32.ActiveCfg = RelWithDebInfo|Win32
		{FDB7594A-9DEA-460D-9BE1-E152F5A9F027}.RelWithDebInfo|Win32.Build.0 = RelWithDebInfo|Win32
		{7111BD24-E17F-4002-8A98-E890F228111F}.Debug|Win32.ActiveCfg = Debug|Win32
		{7111BD24-E17F-4002-8A98-E890F228111F}.Debug|Win32.Build.0 = Debug|Win32
		{7111BD24-E17F-4002-8A98-E890F228111F}.Release|Win32.ActiveCfg = Release|Win32
		{7111BD24-E17F-4002-8A98-E890F228111F}.Release|Win32.Build.0 = Release|Win32
		{7111BD24-E17F-4002-8A98-E890F228111F}.MinSizeRel|Win32.ActiveCfg = MinSizeRel|Win32
		{7111BD24-E17F-4002-8A98-E890F228111F}.MinSizeRel|Win32.Build.0 = MinSizeRel|Win32
		{7111BD24-E17F-4002-8A98-E890F228111F}.RelWithDebInfo|Win32.ActiveCfg = RelWithDebInfo|Win32
		{7111BD24-E17F-4002-8A98-E890F228111F}.RelWithDebInfo|Win32.Build.0 = RelWithDebInfo|Win32
		{690AB791-E9DE-43E3-99B0-BB5BEA704336}.Debug|Win32.ActiveCfg = Debug|Win32
		{690AB791-E9DE-43E3-99B0-BB5BEA704336}.Debug|Win32.Build.0 = Debug|Win32
		{690AB791-E9DE-43E3-99B0-BB5BEA704336}.Release|Win32.ActiveCfg = Release|Win32
		{690AB791-E9DE-43E3-99B0-BB5BEA704336}.Release|Win32.Build.0 = Release|Win32
		{690AB791-E9DE-43E3-99B0-BB5BEA704336}.MinSizeRel|Win32.ActiveCfg = MinSizeRel|Win32
		{690AB791-E9DE-43E3-99B0-BB5BEA704336}.MinSizeRel|Win32.Build.0 = MinSizeRel|Win32
		{690AB791-E9DE-43E3-99B0-BB5BEA704336}.RelWithDebInfo|Win32.ActiveCfg = RelWithDebInfo|Win32
		{690AB791-E9DE-43E3-99B0-BB5BEA704336}.RelWithDebInfo|Win32.Build.0 = RelWithDebInfo|Win32
		{B8EA5A00-8D26-4147-87F7-FAF3D378EE38}.Debug|Win32.ActiveCfg = Debug|Win32
		{B8EA5A00-8D26-4147-87F7-FAF3D378EE38}.Debug|Win32.Build.0 = Debug|Win32
		{B8EA5A00-8D26-4147-87F7-FAF3D378EE38}.Release|Win32.ActiveCfg = Release|Win32
		{B8EA5A00-8D26-4147-87F7-FAF3D378EE38}.Release|Win32.Build.0 = Release|Win32
		{B8EA5A00-8D26-4147-87F7-FAF3D378EE38}.MinSizeRel|Win32.ActiveCfg = MinSizeRel|Win32
		{B8EA5A00-8D26-4147-87F7-FAF3D378EE38}.MinSizeRel|Win32.Build.0 = MinSizeRel|Win32
		{B8EA5A00-8D26-4147-87F7-FAF3D378EE38}.RelWithDebInfo|Win32.ActiveCfg = RelWithDebInfo|Win32
		{B8EA5A00-8D26-4147-87F7-FAF3D378EE38}.RelWithDebInfo|Win32.Build.0 = RelWithDebInfo|Win32
		{D907B419-D581-433F-8429-8EAF9440F631}.Debug|Win32.ActiveCfg = Debug|Win32
		{D907B419-D581-433F-8429-8EAF9440F631}.Debug|Win32.Build.0 = Debug|Win32
		{D907B419-D581-433F-8429-8EAF9440F631}.Release|Win32.ActiveCfg = Release|Win32
		{D907B419-D581-433F-8429-8EAF9440F631}.Release|Win32.Build.0 = Release|Win32
		{D907B419-D581-433F-8429-8EAF9440F631}.MinSizeRel|Win32.ActiveCfg = MinSizeRel|Win32
		{D907B419-D581-433F-8429-8EAF9440F631}.MinSizeRel|Win32.Build.0 = MinSizeRel|Win32
		{D907B419-D581-433F-8429-8EAF9440F631}.RelWithDebInfo|Win32.ActiveCfg = RelWithDebInfo|Win32
		{D907B419-D581-433F-8429-8EAF9440F631}.RelWithDebInfo|Win32.Build.0 = RelWithDebInfo|Win32
		{77A34CCE-D9B8-411F-8DCC-ADFA9EB7418D}.Debug|Win32.ActiveCfg = Debug|Win32
		{77A34CCE-D9B8-411F-8DCC-ADFA9EB7418D}.Debug|Win32.Build.0 = Debug|Win32
		{77A34CCE-D9B8-411F-8DCC-ADFA9EB7418D}.Release|Win32.ActiveCfg = Release|Win32
		{77A34CCE-D9B8-411F-8DCC-ADFA9EB7418D}.Release|Win32.Build.0 = Release|Win32
		{77A34CCE-D9B8-411F-8DCC-ADFA9EB7418D}.MinSizeRel|Win32.ActiveCfg = MinSizeRel|Win32
		{77A34CCE-D9B8-411F-8DCC-ADFA9EB7418D}.MinSizeRel|Win32.Build.0 = MinSizeRel|Win32
		{77A34CCE-D9B8-411F-8DCC-ADFA9EB7418D}.RelWithDebInfo|Win32.ActiveCfg = RelWithDebInfo|Win32
		{77A34CCE-D9B8-411F-8DCC-ADFA9EB7418D}.RelWithDebInfo|Win32.Build.0 = RelWithDebInfo|Win32
		{F6E888EF-86D1-4A5E-85C1-8CE547CC38FC}.Debug|Win32.ActiveCfg = Debug|Win32
		{F6E888EF-86D1-4A5E-85C1-8CE547CC38FC}.Debug|Win32.Build.0 = Debug|Win32
		{F6E888EF-86D1-4A5E-85C1-8CE547CC38FC}.Release|Win32.ActiveCfg = Release|Win32
		{F6E888EF-86D1-4A5E-85C1-8CE547CC38FC}.Release|Win32.Build.0 = Release|Win32
		{F6E888EF-86D1-4A5E-85C1-8CE547CC38FC}.MinSizeRel|Win32.ActiveCfg = MinSizeRel|Win32
		{F6E888EF-86D1-4A5E-85C1-8CE547CC38FC}.MinSizeRel|Win32.Build.0 = MinSizeRel|Win32
		{F6E888EF-86D1-4A5E-85C1-8CE547CC38FC}.RelWithDebInfo|Win32.ActiveCfg = RelWithDebInfo|Win32
		{F6E888EF-86D1-4A5E-85C1-8CE547CC38FC}.RelWithDebInfo|Win32.Build.0 = RelWithDebInfo|Win32
		{A64793A3-BD6F-4E1C-B8F9-C4DA1C39CA1B}.Debug|Win32.ActiveCfg = Debug|Win32
		{A64793A3-BD6F-4E1C-B8F9-C4DA1C39CA1B}.Debug|Win32.Build.0 = Debug|Win32
		{A64793A3-BD6F-4E1C-B8F9-C4DA1C39CA1B}.Release|Win32.ActiveCfg = Release|Win32
		{A64793A3-BD6F-4E1C-B8F9-C4DA1C39CA1B}.Release|Win32.Build.0 = Release|Win32
		{A64793A3-BD6F-4E1C-B8F9-C4DA1C39CA1B}.MinSizeRel|Win32.ActiveCfg = MinSizeRel|Win32
		{A64793A3-BD6F-4E1C-B8F9-C4DA1C39CA1B}.MinSizeRel|Win32.Build.0 = MinSizeRel|Win32
		{A64793A3-BD6F-4E1C-B8F9-C4DA1C39CA1B}.RelWithDebInfo|Win32.ActiveCfg = RelWithDebInfo|Win32
		{A64793A3-BD6F-4E1C-B8F9-C4DA1C39CA1B}.RelWithDebInfo|Win32.Build.0 = RelWithDebInfo|Win32
		{05E5746B-70D6-42F4-BBD0-A966CDBB27EB}.Debug|Win32.ActiveCfg = Debug|Win32
		{05E5746B-70D6-42F4-BBD0-A966CDBB27EB}.Debug|Win32.Build.0 = Debug|Win32
		{05E5746B-70D6-42F4-BBD0-A966CDBB27EB}.Release|Win32.ActiveCfg = Release|Win32
		{05E5746B-70D6-42F4-BBD0-A966CDBB27EB}.Release|Win32.Build.0 = Release|Win32
		{05E5746B-70D6-42F4-BBD0-A966CDBB27EB}.MinSizeRel|Win32.ActiveCfg = MinSizeRel|Win32
		{05E5746B-70D6-42F4-BBD0-A966CDBB27EB}.MinSizeRel|Win32.Build.0 = MinSizeRel|Win32
		{05E5746B-70D6-42F4-BBD0-A966CDBB27EB}.RelWithDebInfo|Win32.ActiveCfg = RelWithDebInfo|Win32
		{05E5746B-70D6-42F4-BBD0-A966CDBB27EB}.RelWithDebInfo|Win32.Build.0 = RelWithDebInfo|Win32
		{582206B0-FA90-4A83-978D-B744D8BE6169}.Debug|Win32.ActiveCfg = Debug|Win32
		{582206B0-FA90-4A83-978D-B744D8BE6169}.Debug|Win32.Build.0 = Debug|Win32
		{582206B0-FA90-4A83-978D-B744D8BE6169}.Release|Win32.ActiveCfg = Release|Win32
		{582206B0-FA90-4A83-978D-B744D8BE6169}.Release|Win32.Build.0 = Release|Win32
		{582206B0-FA90-4A83-978D-B744D8BE6169}.MinSizeRel|Win32.ActiveCfg = MinSizeRel|Win32
		{582206B0-FA90-4A83-978D-B744D8BE6169}.MinSizeRel|Win32.Build.0 = MinSizeRel|Win32
		{582206B0-FA90-4A83-978D-B744D8BE6169}.RelWithDebInfo|Win32.ActiveCfg = RelWithDebInfo|Win32
		{582206B0-FA90-4A83-978D-B744D8BE6169}.RelWithDebInfo|Win32.Build.0 = RelWithDebInfo|Win32
		{068CD52C-7B60-43CB-BF59-0EE473581344}.Debug|Win32.ActiveCfg = Debug|Win32
		{068CD52C-7B60-43CB-BF59-0EE473581344}.Debug|Win32.Build.0 = Debug|Win32
		{068CD52C-7B60-43CB-BF59-0EE473581344}.Release|Win32.ActiveCfg = Release|Win32
		{068CD52C-7B60-43CB-BF59-0EE473581344}.Release|Win32.Build.0 = Release|Win32
		{068CD52C-7B60-43CB-BF59-0EE473581344}.MinSizeRel|Win32.ActiveCfg = MinSizeRel|Win32
		{068CD52C-7B60-43CB-BF59-0EE473581344}.MinSizeRel|Win32.Build.0 = MinSizeRel|Win32
		{068CD52C-7B60-43CB-BF59-0EE473581344}.RelWithDebInfo|Win32.ActiveCfg = RelWithDebInfo|Win32
		{068CD52C-7B60-43CB-BF59-0EE473581344}.RelWithDebInfo|Win32.Build.0 = RelWithDebInfo|Win32
		{33700DE0-E531-4331-AEAF-DBD2869FCDAC}.Debug|Win32.ActiveCfg = Debug|Win32
		{33700DE0-E531-4331-AEAF-DBD2869FCDAC}.Debug|Win32.Build.0 = Debug|Win32
		{33700DE0-E531-4331-AEAF-DBD2869FCDAC}.Release|Win32.ActiveCfg = Release|Win32
		{33700DE0-E531-4331-AEAF-DBD2869FCDAC}.Release|Win32.Build.0 = Release|Win32
		{33700DE0-E531-4331-AEAF-DBD2869FCDAC}.MinSizeRel|Win32.ActiveCfg = MinSizeRel|Win32
		{33700DE0-E531-4331-AEAF-DBD2869FCDAC}.MinSizeRel|Win32.Build.0 = MinSizeRel|Win32
		{33700DE0-E531-4331-AEAF-DBD2869FCDAC}.RelWithDebInfo|Win32.ActiveCfg = RelWithDebInfo|Win32
		{33700DE0-E531-4331-AEAF-DBD2869FCDAC}.RelWithDebInfo|Win32.Build.0 = RelWithDebInfo|Win32
		{E874C534-59C8-46B8-98C1-E2C475FB1F68}.Debug|Win32.ActiveCfg = Debug|Win32
		{E874C534-59C8-46B8-98C1-E2C475FB1F68}.Debug|Win32.Build.0 = Debug|Win32
		{E874C534-59C8-46B8-98C1-E2C475FB1F68}.Release|Win32.ActiveCfg = Release|Win32
		{E874C534-59C8-46B8-98C1-E2C475FB1F68}.Release|Win32.Build.0 = Release|Win32
		{E874C534-59C8-46B8-98C1-E2C475FB1F68}.MinSizeRel|Win32.ActiveCfg = MinSizeRel|Win32
		{E874C534-59C8-46B8-98C1-E2C475FB1F68}.MinSizeRel|Win32.Build.0 = MinSizeRel|Win32
		{E874C534-59C8-46B8-98C1-E2C475FB1F68}.RelWithDebInfo|Win32.ActiveCfg = RelWithDebInfo|Win32
		{E874C534-59C8-46B8-98C1-E2C475FB1F68}.RelWithDebInfo|Win32.Build.0 = RelWithDebInfo|Win32
		{43C1D2C1-F832-4827-9A2A-6F986C6F8C58}.Debug|Win32.ActiveCfg = Debug|Win32
		{43C1D2C1-F832-4827-9A2A-6F986C6F8C58}.Debug|Win32.Build.0 = Debug|Win32
		{43C1D2C1-F832-4827-9A2A-6F986C6F8C58}.Release|Win32.ActiveCfg = Release|Win32
		{43C1D2C1-F832-4827-9A2A-6F986C6F8C58}.Release|Win32.Build.0 = Release|Win32
		{43C1D2C1-F832-4827-9A2A-6F986C6F8C58}.MinSizeRel|Win32.ActiveCfg = MinSizeRel|Win32
		{43C1D2C1-F832-4827-9A2A-6F986C6F8C58}.MinSizeRel|Win32.Build.0 = MinSizeRel|Win32
		{43C1D2C1-F832-4827-9A2A-6F986C6F8C58}.RelWithDebInfo|Win32.ActiveCfg = RelWithDebInfo|Win32
		{43C1D2C1-F832-4827-9A2A-6F986C6F8C58}.RelWithDebInfo|Win32.Build.0 = RelWithDebInfo|Win32
		{5B70E799-1873-4000-ABCE-BB9914CC8B5E}.Debug|Win32.ActiveCfg = Debug|Win32
		{5B70E799-1873-4000-ABCE-BB9914CC8B5E}.Debug|Win32.Build.0 = Debug|Win32
		{5B70E799-1873-4000-ABCE-BB9914CC8B5E}.Release|Win32.ActiveCfg = Release|Win32
		{5B70E799-1873-4000-ABCE-BB9914CC8B5E}.Release|Win32.Build.0 = Release|Win32
		{5B70E799-1873-4000-ABCE-BB9914CC8B5E}.MinSizeRel|Win32.ActiveCfg = MinSizeRel|Win32
		{5B70E799-1873-4000-ABCE-BB9914CC8B5E}.MinSizeRel|Win32.Build.0 = MinSizeRel|Win32
		{5B70E799-1873-4000-ABCE-BB9914CC8B5E}.RelWithDebInfo|Win32.ActiveCfg = RelWithDebInfo|Win32
		{5B70E799-1873-4000-ABCE-BB9914CC8B5E}.RelWithDebInfo|Win32.Build.0 = RelWithDebInfo|Win32
		{32173C97-CE26-4F96-B7F2-C5F67661F630}.Debug|Win32.ActiveCfg = Debug|Win32
		{32173C97-CE26-4F96-B7F2-C5F67661F630}.Debug|Win32.Build.0 = Debug|Win32
		{32173C97-CE26-4F96-B7F2-C5F67661F630}.Release|Win32.ActiveCfg = Release|Win32
		{32173C97-CE26-4F96-B7F2-C5F67661F630}.Release|Win32.Build.0 = Release|Win32
		{32173C97-CE26-4F96-B7F2-C5F67661F630}.MinSizeRel|Win32.ActiveCfg = MinSizeRel|Win32
		{32173C97-CE26-4F96-B7F2-C5F67661F630}.MinSizeRel|Win32.Build.0 = MinSizeRel|Win32
		{32173C97-CE26-4F96-B7F2-C5F67661F630}.RelWithDebInfo|Win32.ActiveCfg = RelWithDebInfo|Win32
		{32173C97-CE26-4F96-B7F2-C5F67661F630}.RelWithDebInfo|Win32.Build.0 = RelWithDebInfo|Win32
		{80BE2971-E79D-491C-B101-79A4A12916C1}.Debug|Win32.ActiveCfg = Debug|Win32
		{80BE2971-E79D-491C-B101-79A4A12916C1}.Debug|Win32.Build.0 = Debug|Win32
		{80BE2971-E79D-491C-B101-79A4A12916C1}.Release|Win32.ActiveCfg = Release|Win32
		{80BE2971-E79D-491C-B101-79A4A12916C1}.Release|Win32.Build.0 = Release|Win32
		{80BE2971-E79D-491C-B101-79A4A12916C1}.MinSizeRel|Win32.ActiveCfg = MinSizeRel|Win32
		{80BE2971-E79D-491C-B101-79A4A12916C1}.MinSizeRel|Win32.Build.0 = MinSizeRel|Win32
		{80BE2971-E79D-491C-B101-79A4A12916C1}.RelWithDebInfo|Win32.ActiveCfg = RelWithDebInfo|Win32
		{80BE2971-E79D-491C-B101-79A4A12916C1}.RelWithDebInfo|Win32.Build.0 = RelWithDebInfo|Win32
		{53540487-F1F0-4658-84F0-6EDA7251584E}.Debug|Win32.ActiveCfg = Debug|Win32
		{53540487-F1F0-4658-84F0-6EDA7251584E}.Debug|Win32.Build.0 = Debug|Win32
		{53540487-F1F0-4658-84F0-6EDA7251584E}.Release|Win32.ActiveCfg = Release|Win32
		{53540487-F1F0-4658-84F0-6EDA7251584E}.Release|Win32.Build.0 = Release|Win32
		{53540487-F1F0-4658-84F0-6EDA7251584E}.MinSizeRel|Win32.ActiveCfg = MinSizeRel|Win32
		{53540487-F1F0-4658-84F0-6EDA7251584E}.MinSizeRel|Win32.Build.0 = MinSizeRel|Win32
		{53540487-F1F0-4658-84F0-6EDA7251584E}.RelWithDebInfo|Win32.ActiveCfg = RelWithDebInfo|Win32
		{53540487-F1F0-4658-84F0-6EDA7251584E}.RelWithDebInfo|Win32.Build.0 = RelWithDebInfo|Win32
		{8CAA5D2C-A71C-46CE-BC28-E703F089042B}.Debug|Win32.ActiveCfg = Debug|Win32
		{8CAA5D2C-A71C-46CE-BC28-E703F089042B}.Debug|Win32.Build.0 = Debug|Win32
		{8CAA5D2C-A71C-46CE-BC28-E703F089042B}.Release|Win32.ActiveCfg = Release|Win32
		{8CAA5D2C-A71C-46CE-BC28-E703F089042B}.Release|Win32.Build.0 = Release|Win32
		{8CAA5D2C-A71C-46CE-BC28-E703F089042B}.MinSizeRel|Win32.ActiveCfg = MinSizeRel|Win32
		{8CAA5D2C-A71C-46CE-BC28-E703F089042B}.MinSizeRel|Win32.Build.0 = MinSizeRel|Win32
		{8CAA5D2C-A71C-46CE-BC28-E703F089042B}.RelWithDebInfo|Win32.ActiveCfg = RelWithDebInfo|Win32
		{8CAA5D2C-A71C-46CE-BC28-E703F089042B}.RelWithDebInfo|Win32.Build.0 = RelWithDebInfo|Win32
		{D73E2620-35CE-4FF0-9B1C-1D909DAF32B1}.Debug|Win32.ActiveCfg = Debug|Win32
		{D73E2620-35CE-4FF0-9B1C-1D909DAF32B1}.Release|Win32.ActiveCfg = Release|Win32
		{D73E2620-35CE-4FF0-9B1C-1D909DAF32B1}.MinSizeRel|Win32.ActiveCfg = MinSizeRel|Win32
		{D73E2620-35CE-4FF0-9B1C-1D909DAF32B1}.RelWithDebInfo|Win32.ActiveCfg = RelWithDebInfo|Win32
		{11D2DB5D-E814-4A7F-80C1-1691CBEE854A}.Debug|Win32.ActiveCfg = Debug|Win32
		{11D2DB5D-E814-4A7F-80C1-1691CBEE854A}.Debug|Win32.Build.0 = Debug|Win32
		{11D2DB5D-E814-4A7F-80C1-1691CBEE854A}.Release|Win32.ActiveCfg = Release|Win32
		{11D2DB5D-E814-4A7F-80C1-1691CBEE854A}.Release|Win32.Build.0 = Release|Win32
		{11D2DB5D-E814-4A7F-80C1-1691CBEE854A}.MinSizeRel|Win32.ActiveCfg = MinSizeRel|Win32
		{11D2DB5D-E814-4A7F-80C1-1691CBEE854A}.MinSizeRel|Win32.Build.0 = MinSizeRel|Win32
		{11D2DB5D-E814-4A7F-80C1-1691CBEE854A}.RelWithDebInfo|Win32.ActiveCfg = RelWithDebInfo|Win32
		{11D2DB5D-E814-4A7F-80C1-1691CBEE854A}.RelWithDebInfo|Win32.Build.0 = RelWithDebInfo|Win32
		{DCA31A1B-0D9C-4279-AC9C-0A75231EB61A}.Debug|Win32.ActiveCfg = Debug|Win32
		{DCA31A1B-0D9C-4279-AC9C-0A75231EB61A}.Debug|Win32.Build.0 = Debug|Win32
		{DCA31A1B-0D9C-4279-AC9C-0A75231EB61A}.Release|Win32.ActiveCfg = Release|Win32
		{DCA31A1B-0D9C-4279-AC9C-0A75231EB61A}.Release|Win32.Build.0 = Release|Win32
		{DCA31A1B-0D9C-4279-AC9C-0A75231EB61A}.MinSizeRel|Win32.ActiveCfg = MinSizeRel|Win32
		{DCA31A1B-0D9C-4279-AC9C-0A75231EB61A}.MinSizeRel|Win32.Build.0 = MinSizeRel|Win32
		{DCA31A1B-0D9C-4279-AC9C-0A75231EB61A}.RelWithDebInfo|Win32.ActiveCfg = RelWithDebInfo|Win32
		{DCA31A1B-0D9C-4279-AC9C-0A75231EB61A}.RelWithDebInfo|Win32.Build.0 = RelWithDebInfo|Win32
		{0B34DEE7-7424-4535-B59F-157E5C12D013}.Debug|Win32.ActiveCfg = Debug|Win32
		{0B34DEE7-7424-4535-B59F-157E5C12D013}.Release|Win32.ActiveCfg = Release|Win32
		{0B34DEE7-7424-4535-B59F-157E5C12D013}.MinSizeRel|Win32.ActiveCfg = MinSizeRel|Win32
		{0B34DEE7-7424-4535-B59F-157E5C12D013}.RelWithDebInfo|Win32.ActiveCfg = RelWithDebInfo|Win32
		{74DCAFF4-AEF8-464D-97DD-49C3B1E1F16B}.Debug|Win32.ActiveCfg = Debug|Win32
		{74DCAFF4-AEF8-464D-97DD-49C3B1E1F16B}.Debug|Win32.Build.0 = Debug|Win32
		{74DCAFF4-AEF8-464D-97DD-49C3B1E1F16B}.Release|Win32.ActiveCfg = Release|Win32
		{74DCAFF4-AEF8-464D-97DD-49C3B1E1F16B}.Release|Win32.Build.0 = Release|Win32
		{74DCAFF4-AEF8-464D-97DD-49C3B1E1F16B}.MinSizeRel|Win32.ActiveCfg = MinSizeRel|Win32
		{74DCAFF4-AEF8-464D-97DD-49C3B1E1F16B}.MinSizeRel|Win32.Build.0 = MinSizeRel|Win32
		{74DCAFF4-AEF8-464D-97DD-49C3B1E1F16B}.RelWithDebInfo|Win32.ActiveCfg = RelWithDebInfo|Win32
		{74DCAFF4-AEF8-464D-97DD-49C3B1E1F16B}.RelWithDebInfo|Win32.Build.0 = RelWithDebInfo|Win32
		{C53809C0-2ED9-422E-9FA3-438D626AAB97}.Debug|Win32.ActiveCfg = Debug|Win32
		{C53809C0-2ED9-422E-9FA3-438D626AAB97}.Debug|Win32.Build.0 = Debug|Win32
		{C53809C0-2ED9-422E-9FA3-438D626AAB97}.Release|Win32.ActiveCfg = Release|Win32
		{C53809C0-2ED9-422E-9FA3-438D626AAB97}.Release|Win32.Build.0 = Release|Win32
		{C53809C0-2ED9-422E-9FA3-438D626AAB97}.MinSizeRel|Win32.ActiveCfg = MinSizeRel|Win32
		{C53809C0-2ED9-422E-9FA3-438D626AAB97}.MinSizeRel|Win32.Build.0 = MinSizeRel|Win32
		{C53809C0-2ED9-422E-9FA3-438D626AAB97}.RelWithDebInfo|Win32.ActiveCfg = RelWithDebInfo|Win32
		{C53809C0-2ED9-422E-9FA3-438D626AAB97}.RelWithDebInfo|Win32.Build.0 = RelWithDebInfo|Win32
		{D4EAB427-FE4A-40FA-97D6-F8E3F39D45F6}.Debug|Win32.ActiveCfg = Debug|Win32
		{D4EAB427-FE4A-40FA-97D6-F8E3F39D45F6}.Debug|Win32.Build.0 = Debug|Win32
		{D4EAB427-FE4A-40FA-97D6-F8E3F39D45F6}.Release|Win32.ActiveCfg = Release|Win32
		{D4EAB427-FE4A-40FA-97D6-F8E3F39D45F6}.Release|Win32.Build.0 = Release|Win32
		{D4EAB427-FE4A-40FA-97D6-F8E3F39D45F6}.MinSizeRel|Win32.ActiveCfg = MinSizeRel|Win32
		{D4EAB427-FE4A-40FA-97D6-F8E3F39D45F6}.MinSizeRel|Win32.Build.0 = MinSizeRel|Win32
		{D4EAB427-FE4A-40FA-97D6-F8E3F39D45F6}.RelWithDebInfo|Win32.ActiveCfg = RelWithDebInfo|Win32
		{D4EAB427-FE4A-40FA-97D6-F8E3F39D45F6}.RelWithDebInfo|Win32.Build.0 = RelWithDebInfo|Win32
		{E440A078-10ED-4A59-AB38-700410609FBC}.Debug|Win32.ActiveCfg = Debug|Win32
		{E440A078-10ED-4A59-AB38-700410609FBC}.Debug|Win32.Build.0 = Debug|Win32
		{E440A078-10ED-4A59-AB38-700410609FBC}.Release|Win32.ActiveCfg = Release|Win32
		{E440A078-10ED-4A59-AB38-700410609FBC}.Release|Win32.Build.0 = Release|Win32
		{E440A078-10ED-4A59-AB38-700410609FBC}.MinSizeRel|Win32.ActiveCfg = MinSizeRel|Win32
		{E440A078-10ED-4A59-AB38-700410609FBC}.MinSizeRel|Win32.Build.0 = MinSizeRel|Win32
		{E440A078-10ED-4A59-AB38-700410609FBC}.RelWithDebInfo|Win32.ActiveCfg = RelWithDebInfo|Win32
		{E440A078-10ED-4A59-AB38-700410609FBC}.RelWithDebInfo|Win32.Build.0 = RelWithDebInfo|Win32
		{989CE44D-D75B-404F-B8A4-8017A13BE86D}.Debug|Win32.ActiveCfg = Debug|Win32
		{989CE44D-D75B-404F-B8A4-8017A13BE86D}.Debug|Win32.Build.0 = Debug|Win32
		{989CE44D-D75B-404F-B8A4-8017A13BE86D}.Release|Win32.ActiveCfg = Release|Win32
		{989CE44D-D75B-404F-B8A4-8017A13BE86D}.Release|Win32.Build.0 = Release|Win32
		{989CE44D-D75B-404F-B8A4-8017A13BE86D}.MinSizeRel|Win32.ActiveCfg = MinSizeRel|Win32
		{989CE44D-D75B-404F-B8A4-8017A13BE86D}.MinSizeRel|Win32.Build.0 = MinSizeRel|Win32
		{989CE44D-D75B-404F-B8A4-8017A13BE86D}.RelWithDebInfo|Win32.ActiveCfg = RelWithDebInfo|Win32
		{989CE44D-D75B-404F-B8A4-8017A13BE86D}.RelWithDebInfo|Win32.Build.0 = RelWithDebInfo|Win32
		{8F522281-162C-415C-8A45-BCC7410D508E}.Debug|Win32.ActiveCfg = Debug|Win32
		{8F522281-162C-415C-8A45-BCC7410D508E}.Debug|Win32.Build.0 = Debug|Win32
		{8F522281-162C-415C-8A45-BCC7410D508E}.Release|Win32.ActiveCfg = Release|Win32
		{8F522281-162C-415C-8A45-BCC7410D508E}.Release|Win32.Build.0 = Release|Win32
		{8F522281-162C-415C-8A45-BCC7410D508E}.MinSizeRel|Win32.ActiveCfg = MinSizeRel|Win32
		{8F522281-162C-415C-8A45-BCC7410D508E}.MinSizeRel|Win32.Build.0 = MinSizeRel|Win32
		{8F522281-162C-415C-8A45-BCC7410D508E}.RelWithDebInfo|Win32.ActiveCfg = RelWithDebInfo|Win32
		{8F522281-162C-415C-8A45-BCC7410D508E}.RelWithDebInfo|Win32.Build.0 = RelWithDebInfo|Win32
	EndGlobalSection
	GlobalSection(ExtensibilityGlobals) = postSolution
	EndGlobalSection
	GlobalSection(ExtensibilityAddIns) = postSolution
	EndGlobalSection
EndGlobal
